
Microsoft Visual Studio Solution File, Format Version 12.00
# Visual Studio Version 16
VisualStudioVersion = 16.0.29905.134
MinimumVisualStudioVersion = 10.0.40219.1
Project("{9A19103F-16F7-4668-BE54-9A1E7A4F7556}") = "Panosen.CodeDom.Less", "Panosen.CodeDom.Less\Panosen.CodeDom.Less.csproj", "{411F9AF7-3133-46F5-B98F-A481805F2600}"
EndProject
Project("{9A19103F-16F7-4668-BE54-9A1E7A4F7556}") = "Panosen.CodeDom.Less.Engine", "Panosen.CodeDom.Less.Engine\Panosen.CodeDom.Less.Engine.csproj", "{32EFD148-F97A-4DAF-AD96-4D26FB617BA3}"
EndProject
Project("{FAE04EC0-301F-11D3-BF4B-00C04F79EFBC}") = "Panosen.CodeDom.Less.Engine.MSTest", "Panosen.CodeDom.Less.Engine.MSTest\Panosen.CodeDom.Less.Engine.MSTest.csproj", "{13AA07E4-420F-4BE8-8C68-0016931A3519}"
EndProject
Global
	GlobalSection(SolutionConfigurationPlatforms) = preSolution
		Debug|Any CPU = Debug|Any CPU
		Release|Any CPU = Release|Any CPU
	EndGlobalSection
	GlobalSection(ProjectConfigurationPlatforms) = postSolution
		{411F9AF7-3133-46F5-B98F-A481805F2600}.Debug|Any CPU.ActiveCfg = Debug|Any CPU
		{411F9AF7-3133-46F5-B98F-A481805F2600}.Debug|Any CPU.Build.0 = Debug|Any CPU
		{411F9AF7-3133-46F5-B98F-A481805F2600}.Release|Any CPU.ActiveCfg = Release|Any CPU
		{411F9AF7-3133-46F5-B98F-A481805F2600}.Release|Any CPU.Build.0 = Release|Any CPU
		{32EFD148-F97A-4DAF-AD96-4D26FB617BA3}.Debug|Any CPU.ActiveCfg = Debug|Any CPU
		{32EFD148-F97A-4DAF-AD96-4D26FB617BA3}.Debug|Any CPU.Build.0 = Debug|Any CPU
		{32EFD148-F97A-4DAF-AD96-4D26FB617BA3}.Release|Any CPU.ActiveCfg = Release|Any CPU
		{32EFD148-F97A-4DAF-AD96-4D26FB617BA3}.Release|Any CPU.Build.0 = Release|Any CPU
		{13AA07E4-420F-4BE8-8C68-0016931A3519}.Debug|Any CPU.ActiveCfg = Debug|Any CPU
		{13AA07E4-420F-4BE8-8C68-0016931A3519}.Debug|Any CPU.Build.0 = Debug|Any CPU
		{13AA07E4-420F-4BE8-8C68-0016931A3519}.Release|Any CPU.ActiveCfg = Release|Any CPU
		{13AA07E4-420F-4BE8-8C68-0016931A3519}.Release|Any CPU.Build.0 = Release|Any CPU
	EndGlobalSection
	GlobalSection(SolutionProperties) = preSolution
		HideSolutionNode = FALSE
	EndGlobalSection
	GlobalSection(ExtensibilityGlobals) = postSolution
		SolutionGuid = {A40A366C-00D2-403D-A2BE-D6AF261B2B3C}
	EndGlobalSection
EndGlobal
